
Microsoft Visual Studio Solution File, Format Version 12.00
# Visual Studio Version 17
VisualStudioVersion = 17.10.34902.84
MinimumVisualStudioVersion = 10.0.40219.1
Project("{9A19103F-16F7-4668-BE54-9A1E7A4F7556}") = "RSystems_CrudTask", "RSystems_CrudTask\RSystems_CrudTask.csproj", "{F2137AD5-785F-4460-83CF-7045008B9B19}"
EndProject
Project("{2150E333-8FDC-42A3-9474-1A3956D46DE8}") = "ProductApi", "ProductApi", "{897B9CFF-8D06-4719-AD1A-0CE82709E339}"
EndProject
Global
	GlobalSection(SolutionConfigurationPlatforms) = preSolution
		Debug|Any CPU = Debug|Any CPU
		Release|Any CPU = Release|Any CPU
	EndGlobalSection
	GlobalSection(ProjectConfigurationPlatforms) = postSolution
		{F2137AD5-785F-4460-83CF-7045008B9B19}.Debug|Any CPU.ActiveCfg = Debug|Any CPU
		{F2137AD5-785F-4460-83CF-7045008B9B19}.Debug|Any CPU.Build.0 = Debug|Any CPU
		{F2137AD5-785F-4460-83CF-7045008B9B19}.Release|Any CPU.ActiveCfg = Release|Any CPU
		{F2137AD5-785F-4460-83CF-7045008B9B19}.Release|Any CPU.Build.0 = Release|Any CPU
	EndGlobalSection
	GlobalSection(SolutionProperties) = preSolution
		HideSolutionNode = FALSE
	EndGlobalSection
	GlobalSection(NestedProjects) = preSolution
		{F2137AD5-785F-4460-83CF-7045008B9B19} = {897B9CFF-8D06-4719-AD1A-0CE82709E339}
	EndGlobalSection
	GlobalSection(ExtensibilityGlobals) = postSolution
		SolutionGuid = {2188418A-F4B1-4D41-99DB-8B02056A816D}
	EndGlobalSection
EndGlobal
